// !$*UTF8*$!
{
	archiveVersion = 1;
	classes = {
	};
	objectVersion = 50;
	objects = {

/* Begin PBXBuildFile section */
		5410EF3E23390F1100EE237B /* IntGeom.swift in Sources */ = {isa = PBXBuildFile; fileRef = 5410EF3D23390F1100EE237B /* IntGeom.swift */; };
		5410EF4023390F2500EE237B /* IntPoint.swift in Sources */ = {isa = PBXBuildFile; fileRef = 5410EF3F23390F2500EE237B /* IntPoint.swift */; };
		5410EF4223390F6E00EE237B /* Point.swift in Sources */ = {isa = PBXBuildFile; fileRef = 5410EF4123390F6E00EE237B /* Point.swift */; };
		5410EF4523390FBC00EE237B /* Point+CGPoint.swift in Sources */ = {isa = PBXBuildFile; fileRef = 5410EF4423390FBC00EE237B /* Point+CGPoint.swift */; };
		5410EF4723390FDD00EE237B /* CGPoint+Point.swift in Sources */ = {isa = PBXBuildFile; fileRef = 5410EF4623390FDD00EE237B /* CGPoint+Point.swift */; };
		5410EF4A2339101400EE237B /* Shape.swift in Sources */ = {isa = PBXBuildFile; fileRef = 5410EF492339101400EE237B /* Shape.swift */; };
		5410EF4C2339103600EE237B /* IntShape.swift in Sources */ = {isa = PBXBuildFile; fileRef = 5410EF4B2339103600EE237B /* IntShape.swift */; };
		5410EF4E2339104C00EE237B /* PlainShape.swift in Sources */ = {isa = PBXBuildFile; fileRef = 5410EF4D2339104C00EE237B /* PlainShape.swift */; };
		5410EF502339106200EE237B /* Vertex.swift in Sources */ = {isa = PBXBuildFile; fileRef = 5410EF4F2339106200EE237B /* Vertex.swift */; };
/* End PBXBuildFile section */

/* Begin PBXFileReference section */
		5410EF2F23390E0400EE237B /* libiGeometry.dylib */ = {isa = PBXFileReference; explicitFileType = "compiled.mach-o.dylib"; includeInIndex = 0; path = libiGeometry.dylib; sourceTree = BUILT_PRODUCTS_DIR; };
		5410EF3D23390F1100EE237B /* IntGeom.swift */ = {isa = PBXFileReference; lastKnownFileType = sourcecode.swift; path = IntGeom.swift; sourceTree = "<group>"; };
		5410EF3F23390F2500EE237B /* IntPoint.swift */ = {isa = PBXFileReference; lastKnownFileType = sourcecode.swift; path = IntPoint.swift; sourceTree = "<group>"; };
		5410EF4123390F6E00EE237B /* Point.swift */ = {isa = PBXFileReference; lastKnownFileType = sourcecode.swift; path = Point.swift; sourceTree = "<group>"; };
		5410EF4423390FBC00EE237B /* Point+CGPoint.swift */ = {isa = PBXFileReference; lastKnownFileType = sourcecode.swift; path = "Point+CGPoint.swift"; sourceTree = "<group>"; };
		5410EF4623390FDD00EE237B /* CGPoint+Point.swift */ = {isa = PBXFileReference; lastKnownFileType = sourcecode.swift; path = "CGPoint+Point.swift"; sourceTree = "<group>"; };
		5410EF492339101400EE237B /* Shape.swift */ = {isa = PBXFileReference; lastKnownFileType = sourcecode.swift; path = Shape.swift; sourceTree = "<group>"; };
		5410EF4B2339103600EE237B /* IntShape.swift */ = {isa = PBXFileReference; lastKnownFileType = sourcecode.swift; path = IntShape.swift; sourceTree = "<group>"; };
		5410EF4D2339104C00EE237B /* PlainShape.swift */ = {isa = PBXFileReference; lastKnownFileType = sourcecode.swift; path = PlainShape.swift; sourceTree = "<group>"; };
		5410EF4F2339106200EE237B /* Vertex.swift */ = {isa = PBXFileReference; lastKnownFileType = sourcecode.swift; path = Vertex.swift; sourceTree = "<group>"; };
/* End PBXFileReference section */

/* Begin PBXFrameworksBuildPhase section */
		5410EF2D23390E0400EE237B /* Frameworks */ = {
			isa = PBXFrameworksBuildPhase;
			buildActionMask = 2147483647;
			files = (
			);
			runOnlyForDeploymentPostprocessing = 0;
		};
/* End PBXFrameworksBuildPhase section */

/* Begin PBXGroup section */
		5410EF2623390E0400EE237B = {
			isa = PBXGroup;
			children = (
				5410EF3123390E0400EE237B /* iGeometry */,
				5410EF3023390E0400EE237B /* Products */,
			);
			sourceTree = "<group>";
		};
		5410EF3023390E0400EE237B /* Products */ = {
			isa = PBXGroup;
			children = (
				5410EF2F23390E0400EE237B /* libiGeometry.dylib */,
			);
			name = Products;
			sourceTree = "<group>";
		};
		5410EF3123390E0400EE237B /* iGeometry */ = {
			isa = PBXGroup;
			children = (
				5410EF482339100700EE237B /* Shape */,
				5410EF4323390FA300EE237B /* Extension */,
				5410EF3C23390ED500EE237B /* IntGeom */,
			);
			path = iGeometry;
			sourceTree = "<group>";
		};
		5410EF3C23390ED500EE237B /* IntGeom */ = {
			isa = PBXGroup;
			children = (
				5410EF3D23390F1100EE237B /* IntGeom.swift */,
				5410EF3F23390F2500EE237B /* IntPoint.swift */,
				5410EF4123390F6E00EE237B /* Point.swift */,
			);
			path = IntGeom;
			sourceTree = "<group>";
		};
		5410EF4323390FA300EE237B /* Extension */ = {
			isa = PBXGroup;
			children = (
				5410EF4423390FBC00EE237B /* Point+CGPoint.swift */,
				5410EF4623390FDD00EE237B /* CGPoint+Point.swift */,
			);
			path = Extension;
			sourceTree = "<group>";
		};
		5410EF482339100700EE237B /* Shape */ = {
			isa = PBXGroup;
			children = (
				5410EF492339101400EE237B /* Shape.swift */,
				5410EF4B2339103600EE237B /* IntShape.swift */,
				5410EF4D2339104C00EE237B /* PlainShape.swift */,
				5410EF4F2339106200EE237B /* Vertex.swift */,
			);
			path = Shape;
			sourceTree = "<group>";
		};
/* End PBXGroup section */

/* Begin PBXHeadersBuildPhase section */
		5410EF2B23390E0400EE237B /* Headers */ = {
			isa = PBXHeadersBuildPhase;
			buildActionMask = 2147483647;
			files = (
			);
			runOnlyForDeploymentPostprocessing = 0;
		};
/* End PBXHeadersBuildPhase section */

/* Begin PBXNativeTarget section */
		5410EF2E23390E0400EE237B /* iGeometry */ = {
			isa = PBXNativeTarget;
			buildConfigurationList = 5410EF3823390E0400EE237B /* Build configuration list for PBXNativeTarget "iGeometry" */;
			buildPhases = (
				5410EF2B23390E0400EE237B /* Headers */,
				5410EF2C23390E0400EE237B /* Sources */,
				5410EF2D23390E0400EE237B /* Frameworks */,
			);
			buildRules = (
			);
			dependencies = (
			);
			name = iGeometry;
			productName = iGeometry;
			productReference = 5410EF2F23390E0400EE237B /* libiGeometry.dylib */;
			productType = "com.apple.product-type.library.dynamic";
		};
/* End PBXNativeTarget section */

/* Begin PBXProject section */
		5410EF2723390E0400EE237B /* Project object */ = {
			isa = PBXProject;
			attributes = {
				LastUpgradeCheck = 1100;
				ORGANIZATIONNAME = iShape;
				TargetAttributes = {
					5410EF2E23390E0400EE237B = {
						CreatedOnToolsVersion = 10.3;
						LastSwiftMigration = 1030;
					};
				};
			};
			buildConfigurationList = 5410EF2A23390E0400EE237B /* Build configuration list for PBXProject "iGeometry" */;
			compatibilityVersion = "Xcode 9.3";
			developmentRegion = en;
			hasScannedForEncodings = 0;
			knownRegions = (
				en,
			);
			mainGroup = 5410EF2623390E0400EE237B;
			productRefGroup = 5410EF3023390E0400EE237B /* Products */;
			projectDirPath = "";
			projectRoot = "";
			targets = (
				5410EF2E23390E0400EE237B /* iGeometry */,
			);
		};
/* End PBXProject section */

/* Begin PBXSourcesBuildPhase section */
		5410EF2C23390E0400EE237B /* Sources */ = {
			isa = PBXSourcesBuildPhase;
			buildActionMask = 2147483647;
			files = (
				5410EF4E2339104C00EE237B /* PlainShape.swift in Sources */,
				5410EF4023390F2500EE237B /* IntPoint.swift in Sources */,
				5410EF502339106200EE237B /* Vertex.swift in Sources */,
				5410EF4A2339101400EE237B /* Shape.swift in Sources */,
				5410EF3E23390F1100EE237B /* IntGeom.swift in Sources */,
				5410EF4C2339103600EE237B /* IntShape.swift in Sources */,
				5410EF4223390F6E00EE237B /* Point.swift in Sources */,
				5410EF4523390FBC00EE237B /* Point+CGPoint.swift in Sources */,
				5410EF4723390FDD00EE237B /* CGPoint+Point.swift in Sources */,
			);
			runOnlyForDeploymentPostprocessing = 0;
		};
/* End PBXSourcesBuildPhase section */

/* Begin XCBuildConfiguration section */
		5410EF3623390E0400EE237B /* Debug */ = {
			isa = XCBuildConfiguration;
			buildSettings = {
				ALWAYS_SEARCH_USER_PATHS = NO;
				CLANG_ANALYZER_NONNULL = YES;
				CLANG_ANALYZER_NUMBER_OBJECT_CONVERSION = YES_AGGRESSIVE;
				CLANG_CXX_LANGUAGE_STANDARD = "gnu++14";
				CLANG_CXX_LIBRARY = "libc++";
				CLANG_ENABLE_MODULES = YES;
				CLANG_ENABLE_OBJC_ARC = YES;
				CLANG_ENABLE_OBJC_WEAK = YES;
				CLANG_WARN_BLOCK_CAPTURE_AUTORELEASING = YES;
				CLANG_WARN_BOOL_CONVERSION = YES;
				CLANG_WARN_COMMA = YES;
				CLANG_WARN_CONSTANT_CONVERSION = YES;
				CLANG_WARN_DEPRECATED_OBJC_IMPLEMENTATIONS = YES;
				CLANG_WARN_DIRECT_OBJC_ISA_USAGE = YES_ERROR;
				CLANG_WARN_DOCUMENTATION_COMMENTS = YES;
				CLANG_WARN_EMPTY_BODY = YES;
				CLANG_WARN_ENUM_CONVERSION = YES;
				CLANG_WARN_INFINITE_RECURSION = YES;
				CLANG_WARN_INT_CONVERSION = YES;
				CLANG_WARN_NON_LITERAL_NULL_CONVERSION = YES;
				CLANG_WARN_OBJC_IMPLICIT_RETAIN_SELF = YES;
				CLANG_WARN_OBJC_LITERAL_CONVERSION = YES;
				CLANG_WARN_OBJC_ROOT_CLASS = YES_ERROR;
				CLANG_WARN_RANGE_LOOP_ANALYSIS = YES;
				CLANG_WARN_STRICT_PROTOTYPES = YES;
				CLANG_WARN_SUSPICIOUS_MOVE = YES;
				CLANG_WARN_UNGUARDED_AVAILABILITY = YES_AGGRESSIVE;
				CLANG_WARN_UNREACHABLE_CODE = YES;
				CLANG_WARN__DUPLICATE_METHOD_MATCH = YES;
				CODE_SIGN_IDENTITY = "-";
				COPY_PHASE_STRIP = NO;
				DEBUG_INFORMATION_FORMAT = dwarf;
				ENABLE_STRICT_OBJC_MSGSEND = YES;
				ENABLE_TESTABILITY = YES;
				GCC_C_LANGUAGE_STANDARD = gnu11;
				GCC_DYNAMIC_NO_PIC = NO;
				GCC_NO_COMMON_BLOCKS = YES;
				GCC_OPTIMIZATION_LEVEL = 0;
				GCC_PREPROCESSOR_DEFINITIONS = (
					"DEBUG=1",
					"$(inherited)",
				);
				GCC_WARN_64_TO_32_BIT_CONVERSION = YES;
				GCC_WARN_ABOUT_RETURN_TYPE = YES_ERROR;
				GCC_WARN_UNDECLARED_SELECTOR = YES;
				GCC_WARN_UNINITIALIZED_AUTOS = YES_AGGRESSIVE;
				GCC_WARN_UNUSED_FUNCTION = YES;
				GCC_WARN_UNUSED_VARIABLE = YES;
				MACOSX_DEPLOYMENT_TARGET = 10.14;
				MTL_ENABLE_DEBUG_INFO = INCLUDE_SOURCE;
				MTL_FAST_MATH = YES;
				ONLY_ACTIVE_ARCH = YES;
				SDKROOT = macosx;
			};
			name = Debug;
		};
		5410EF3723390E0400EE237B /* Release */ = {
			isa = XCBuildConfiguration;
			buildSettings = {
				ALWAYS_SEARCH_USER_PATHS = NO;
				CLANG_ANALYZER_NONNULL = YES;
				CLANG_ANALYZER_NUMBER_OBJECT_CONVERSION = YES_AGGRESSIVE;
				CLANG_CXX_LANGUAGE_STANDARD = "gnu++14";
				CLANG_CXX_LIBRARY = "libc++";
				CLANG_ENABLE_MODULES = YES;
				CLANG_ENABLE_OBJC_ARC = YES;
				CLANG_ENABLE_OBJC_WEAK = YES;
				CLANG_WARN_BLOCK_CAPTURE_AUTORELEASING = YES;
				CLANG_WARN_BOOL_CONVERSION = YES;
				CLANG_WARN_COMMA = YES;
				CLANG_WARN_CONSTANT_CONVERSION = YES;
				CLANG_WARN_DEPRECATED_OBJC_IMPLEMENTATIONS = YES;
				CLANG_WARN_DIRECT_OBJC_ISA_USAGE = YES_ERROR;
				CLANG_WARN_DOCUMENTATION_COMMENTS = YES;
				CLANG_WARN_EMPTY_BODY = YES;
				CLANG_WARN_ENUM_CONVERSION = YES;
				CLANG_WARN_INFINITE_RECURSION = YES;
				CLANG_WARN_INT_CONVERSION = YES;
				CLANG_WARN_NON_LITERAL_NULL_CONVERSION = YES;
				CLANG_WARN_OBJC_IMPLICIT_RETAIN_SELF = YES;
				CLANG_WARN_OBJC_LITERAL_CONVERSION = YES;
				CLANG_WARN_OBJC_ROOT_CLASS = YES_ERROR;
				CLANG_WARN_RANGE_LOOP_ANALYSIS = YES;
				CLANG_WARN_STRICT_PROTOTYPES = YES;
				CLANG_WARN_SUSPICIOUS_MOVE = YES;
				CLANG_WARN_UNGUARDED_AVAILABILITY = YES_AGGRESSIVE;
				CLANG_WARN_UNREACHABLE_CODE = YES;
				CLANG_WARN__DUPLICATE_METHOD_MATCH = YES;
				CODE_SIGN_IDENTITY = "-";
				COPY_PHASE_STRIP = NO;
				DEBUG_INFORMATION_FORMAT = "dwarf-with-dsym";
				ENABLE_NS_ASSERTIONS = NO;
				ENABLE_STRICT_OBJC_MSGSEND = YES;
				GCC_C_LANGUAGE_STANDARD = gnu11;
				GCC_NO_COMMON_BLOCKS = YES;
				GCC_WARN_64_TO_32_BIT_CONVERSION = YES;
				GCC_WARN_ABOUT_RETURN_TYPE = YES_ERROR;
				GCC_WARN_UNDECLARED_SELECTOR = YES;
				GCC_WARN_UNINITIALIZED_AUTOS = YES_AGGRESSIVE;
				GCC_WARN_UNUSED_FUNCTION = YES;
				GCC_WARN_UNUSED_VARIABLE = YES;
				MACOSX_DEPLOYMENT_TARGET = 10.14;
				MTL_ENABLE_DEBUG_INFO = NO;
				MTL_FAST_MATH = YES;
				SDKROOT = macosx;
				SWIFT_COMPILATION_MODE = wholemodule;
			};
			name = Release;
		};
		5410EF3923390E0400EE237B /* Debug */ = {
			isa = XCBuildConfiguration;
			buildSettings = {
				CLANG_ENABLE_MODULES = YES;
				CODE_SIGN_IDENTITY = "Mac Developer";
				CODE_SIGN_STYLE = Automatic;
				DEVELOPMENT_TEAM = S734BRS4XM;
				DYLIB_COMPATIBILITY_VERSION = 1;
				DYLIB_CURRENT_VERSION = 1;
				EXECUTABLE_PREFIX = lib;
				LD_RUNPATH_SEARCH_PATHS = (
					"$(inherited)",
					"@executable_path/../Frameworks",
					"@loader_path/../Frameworks",
				);
				PRODUCT_NAME = "$(TARGET_NAME)";
				PROVISIONING_PROFILE_SPECIFIER = "";
				SKIP_INSTALL = YES;
				SWIFT_OPTIMIZATION_LEVEL = "-Onone";
				SWIFT_VERSION = 5.0;
			};
			name = Debug;
		};
		5410EF3A23390E0400EE237B /* Release */ = {
			isa = XCBuildConfiguration;
			buildSettings = {
				CLANG_ENABLE_MODULES = YES;
				CODE_SIGN_IDENTITY = "Mac Developer";
				CODE_SIGN_STYLE = Automatic;
				DEVELOPMENT_TEAM = S734BRS4XM;
				DYLIB_COMPATIBILITY_VERSION = 1;
				DYLIB_CURRENT_VERSION = 1;
				EXECUTABLE_PREFIX = lib;
				LD_RUNPATH_SEARCH_PATHS = (
					"$(inherited)",
					"@executable_path/../Frameworks",
					"@loader_path/../Frameworks",
				);
				PRODUCT_NAME = "$(TARGET_NAME)";
				PROVISIONING_PROFILE_SPECIFIER = "";
				SKIP_INSTALL = YES;
				SWIFT_VERSION = 5.0;
			};
			name = Release;
		};
/* End XCBuildConfiguration section */

/* Begin XCConfigurationList section */
		5410EF2A23390E0400EE237B /* Build configuration list for PBXProject "iGeometry" */ = {
			isa = XCConfigurationList;
			buildConfigurations = (
				5410EF3623390E0400EE237B /* Debug */,
				5410EF3723390E0400EE237B /* Release */,
			);
			defaultConfigurationIsVisible = 0;
			defaultConfigurationName = Release;
		};
		5410EF3823390E0400EE237B /* Build configuration list for PBXNativeTarget "iGeometry" */ = {
			isa = XCConfigurationList;
			buildConfigurations = (
				5410EF3923390E0400EE237B /* Debug */,
				5410EF3A23390E0400EE237B /* Release */,
			);
			defaultConfigurationIsVisible = 0;
			defaultConfigurationName = Release;
		};
/* End XCConfigurationList section */
	};
	rootObject = 5410EF2723390E0400EE237B /* Project object */;
}
